
Microsoft Visual Studio Solution File, Format Version 12.00
Project("{FAE04EC0-301F-11D3-BF4B-00C04F79EFBC}") = "notes", "notes\notes.csproj", "{CF95CE60-7188-4E98-B69A-D89C48561434}"
EndProject
Project("{2150E333-8FDC-42A3-9474-1A3956D46DE8}") = "Solution Items", "Solution Items", "{071EF1B7-4C04-4488-8CA3-BDEA6C2B86D5}"
	ProjectSection(SolutionItems) = preProject
		compose.yaml = compose.yaml
	EndProjectSection
EndProject
Global
	GlobalSection(SolutionConfigurationPlatforms) = preSolution
		Debug|Any CPU = Debug|Any CPU
		Release|Any CPU = Release|Any CPU
	EndGlobalSection
	GlobalSection(ProjectConfigurationPlatforms) = postSolution
		{CF95CE60-7188-4E98-B69A-D89C48561434}.Debug|Any CPU.ActiveCfg = Debug|Any CPU
		{CF95CE60-7188-4E98-B69A-D89C48561434}.Debug|Any CPU.Build.0 = Debug|Any CPU
		{CF95CE60-7188-4E98-B69A-D89C48561434}.Release|Any CPU.ActiveCfg = Release|Any CPU
		{CF95CE60-7188-4E98-B69A-D89C48561434}.Release|Any CPU.Build.0 = Release|Any CPU
	EndGlobalSection
EndGlobal
